// !$*UTF8*$!
{
	archiveVersion = 1;
	classes = {
	};
	objectVersion = 51;
	objects = {

/* Begin PBXBuildFile section */
		1848CA6823F39C0D001F6645 /* InputViewController.swift in Sources */ = {isa = PBXBuildFile; fileRef = 1848CA6723F39C0D001F6645 /* InputViewController.swift */; };
		1848CA6A23F3A934001F6645 /* Task.swift in Sources */ = {isa = PBXBuildFile; fileRef = 1848CA6923F3A934001F6645 /* Task.swift */; };
		1856B21623F516270062CECC /* iconsSearch50.png in Resources */ = {isa = PBXBuildFile; fileRef = 1856B21423F516270062CECC /* iconsSearch50.png */; };
		1856B21723F516270062CECC /* iconsPlus50.png in Resources */ = {isa = PBXBuildFile; fileRef = 1856B21523F516270062CECC /* iconsPlus50.png */; };
		18DBFB4C23F2A938005071AB /* AppDelegate.swift in Sources */ = {isa = PBXBuildFile; fileRef = 18DBFB4B23F2A938005071AB /* AppDelegate.swift */; };
		18DBFB4E23F2A938005071AB /* SceneDelegate.swift in Sources */ = {isa = PBXBuildFile; fileRef = 18DBFB4D23F2A938005071AB /* SceneDelegate.swift */; };
		18DBFB5023F2A938005071AB /* ViewController.swift in Sources */ = {isa = PBXBuildFile; fileRef = 18DBFB4F23F2A938005071AB /* ViewController.swift */; };
		18DBFB5323F2A938005071AB /* Main.storyboard in Resources */ = {isa = PBXBuildFile; fileRef = 18DBFB5123F2A938005071AB /* Main.storyboard */; };
		18DBFB5523F2A93F005071AB /* Assets.xcassets in Resources */ = {isa = PBXBuildFile; fileRef = 18DBFB5423F2A93F005071AB /* Assets.xcassets */; };
		18DBFB5823F2A93F005071AB /* LaunchScreen.storyboard in Resources */ = {isa = PBXBuildFile; fileRef = 18DBFB5623F2A93F005071AB /* LaunchScreen.storyboard */; };
		F71EA6B64A7156183E3F904C /* Pods_taskapp.framework in Frameworks */ = {isa = PBXBuildFile; fileRef = 720CA15B65E45F712FDB64E5 /* Pods_taskapp.framework */; };
/* End PBXBuildFile section */

/* Begin PBXFileReference section */
		1848CA6723F39C0D001F6645 /* InputViewController.swift */ = {isa = PBXFileReference; lastKnownFileType = sourcecode.swift; path = InputViewController.swift; sourceTree = "<group>"; };
		1848CA6923F3A934001F6645 /* Task.swift */ = {isa = PBXFileReference; lastKnownFileType = sourcecode.swift; path = Task.swift; sourceTree = "<group>"; };
		1856B21423F516270062CECC /* iconsSearch50.png */ = {isa = PBXFileReference; lastKnownFileType = image.png; path = iconsSearch50.png; sourceTree = "<group>"; };
		1856B21523F516270062CECC /* iconsPlus50.png */ = {isa = PBXFileReference; lastKnownFileType = image.png; path = iconsPlus50.png; sourceTree = "<group>"; };
		18DBFB4823F2A938005071AB /* taskapp.app */ = {isa = PBXFileReference; explicitFileType = wrapper.application; includeInIndex = 0; path = taskapp.app; sourceTree = BUILT_PRODUCTS_DIR; };
		18DBFB4B23F2A938005071AB /* AppDelegate.swift */ = {isa = PBXFileReference; lastKnownFileType = sourcecode.swift; path = AppDelegate.swift; sourceTree = "<group>"; };
		18DBFB4D23F2A938005071AB /* SceneDelegate.swift */ = {isa = PBXFileReference; lastKnownFileType = sourcecode.swift; path = SceneDelegate.swift; sourceTree = "<group>"; };
		18DBFB4F23F2A938005071AB /* ViewController.swift */ = {isa = PBXFileReference; lastKnownFileType = sourcecode.swift; path = ViewController.swift; sourceTree = "<group>"; };
		18DBFB5223F2A938005071AB /* Base */ = {isa = PBXFileReference; lastKnownFileType = file.storyboard; name = Base; path = Base.lproj/Main.storyboard; sourceTree = "<group>"; };
		18DBFB5423F2A93F005071AB /* Assets.xcassets */ = {isa = PBXFileReference; lastKnownFileType = folder.assetcatalog; path = Assets.xcassets; sourceTree = "<group>"; };
		18DBFB5723F2A93F005071AB /* Base */ = {isa = PBXFileReference; lastKnownFileType = file.storyboard; name = Base; path = Base.lproj/LaunchScreen.storyboard; sourceTree = "<group>"; };
		18DBFB5923F2A93F005071AB /* Info.plist */ = {isa = PBXFileReference; lastKnownFileType = text.plist.xml; path = Info.plist; sourceTree = "<group>"; };
		720CA15B65E45F712FDB64E5 /* Pods_taskapp.framework */ = {isa = PBXFileReference; explicitFileType = wrapper.framework; includeInIndex = 0; path = Pods_taskapp.framework; sourceTree = BUILT_PRODUCTS_DIR; };
		90904F376CE0FD8D2F3F65BD /* Pods-taskapp.release.xcconfig */ = {isa = PBXFileReference; includeInIndex = 1; lastKnownFileType = text.xcconfig; name = "Pods-taskapp.release.xcconfig"; path = "Target Support Files/Pods-taskapp/Pods-taskapp.release.xcconfig"; sourceTree = "<group>"; };
		E3B7060926BF9213618ECCD0 /* Pods-taskapp.debug.xcconfig */ = {isa = PBXFileReference; includeInIndex = 1; lastKnownFileType = text.xcconfig; name = "Pods-taskapp.debug.xcconfig"; path = "Target Support Files/Pods-taskapp/Pods-taskapp.debug.xcconfig"; sourceTree = "<group>"; };
/* End PBXFileReference section */

/* Begin PBXFrameworksBuildPhase section */
		18DBFB4523F2A938005071AB /* Frameworks */ = {
			isa = PBXFrameworksBuildPhase;
			buildActionMask = 2147483647;
			files = (
				F71EA6B64A7156183E3F904C /* Pods_taskapp.framework in Frameworks */,
			);
			runOnlyForDeploymentPostprocessing = 0;
		};
/* End PBXFrameworksBuildPhase section */

/* Begin PBXGroup section */
		1848CA6B23F3A9FC001F6645 /* Model */ = {
			isa = PBXGroup;
			children = (
				1848CA6923F3A934001F6645 /* Task.swift */,
			);
			path = Model;
			sourceTree = "<group>";
		};
		1856B20F23F513B40062CECC /* Icon */ = {
			isa = PBXGroup;
			children = (
				1856B21523F516270062CECC /* iconsPlus50.png */,
				1856B21423F516270062CECC /* iconsSearch50.png */,
			);
			path = Icon;
			sourceTree = "<group>";
		};
		18DBFB3F23F2A938005071AB = {
			isa = PBXGroup;
			children = (
				18DBFB4A23F2A938005071AB /* taskapp */,
				18DBFB4923F2A938005071AB /* Products */,
				54FB43D32ACA00A7E098EB3D /* Pods */,
				FA4D12207BE4222555891E59 /* Frameworks */,
			);
			sourceTree = "<group>";
		};
		18DBFB4923F2A938005071AB /* Products */ = {
			isa = PBXGroup;
			children = (
				18DBFB4823F2A938005071AB /* taskapp.app */,
			);
			name = Products;
			sourceTree = "<group>";
		};
		18DBFB4A23F2A938005071AB /* taskapp */ = {
			isa = PBXGroup;
			children = (
				1856B20F23F513B40062CECC /* Icon */,
				1848CA6B23F3A9FC001F6645 /* Model */,
				18DBFB4B23F2A938005071AB /* AppDelegate.swift */,
				18DBFB4D23F2A938005071AB /* SceneDelegate.swift */,
				18DBFB4F23F2A938005071AB /* ViewController.swift */,
				1848CA6723F39C0D001F6645 /* InputViewController.swift */,
				18DBFB5123F2A938005071AB /* Main.storyboard */,
				18DBFB5423F2A93F005071AB /* Assets.xcassets */,
				18DBFB5623F2A93F005071AB /* LaunchScreen.storyboard */,
				18DBFB5923F2A93F005071AB /* Info.plist */,
			);
			path = taskapp;
			sourceTree = "<group>";
		};
		54FB43D32ACA00A7E098EB3D /* Pods */ = {
			isa = PBXGroup;
			children = (
				E3B7060926BF9213618ECCD0 /* Pods-taskapp.debug.xcconfig */,
				90904F376CE0FD8D2F3F65BD /* Pods-taskapp.release.xcconfig */,
			);
			path = Pods;
			sourceTree = "<group>";
		};
		FA4D12207BE4222555891E59 /* Frameworks */ = {
			isa = PBXGroup;
			children = (
				720CA15B65E45F712FDB64E5 /* Pods_taskapp.framework */,
			);
			name = Frameworks;
			sourceTree = "<group>";
		};
/* End PBXGroup section */

/* Begin PBXNativeTarget section */
		18DBFB4723F2A938005071AB /* taskapp */ = {
			isa = PBXNativeTarget;
			buildConfigurationList = 18DBFB5C23F2A93F005071AB /* Build configuration list for PBXNativeTarget "taskapp" */;
			buildPhases = (
				3EEE8500291196890FEE3581 /* [CP] Check Pods Manifest.lock */,
				18DBFB4423F2A938005071AB /* Sources */,
				18DBFB4523F2A938005071AB /* Frameworks */,
				18DBFB4623F2A938005071AB /* Resources */,
				2E1D1693199DAB6CF0D00E62 /* [CP] Embed Pods Frameworks */,
			);
			buildRules = (
			);
			dependencies = (
			);
			name = taskapp;
			productName = taskapp;
			productReference = 18DBFB4823F2A938005071AB /* taskapp.app */;
			productType = "com.apple.product-type.application";
		};
/* End PBXNativeTarget section */

/* Begin PBXProject section */
		18DBFB4023F2A938005071AB /* Project object */ = {
			isa = PBXProject;
			attributes = {
				LastSwiftUpdateCheck = 1110;
				LastUpgradeCheck = 1110;
				ORGANIZATIONNAME = yo.sato;
				TargetAttributes = {
					18DBFB4723F2A938005071AB = {
						CreatedOnToolsVersion = 11.1;
					};
				};
			};
			buildConfigurationList = 18DBFB4323F2A938005071AB /* Build configuration list for PBXProject "taskapp" */;
			compatibilityVersion = "Xcode 9.3";
			developmentRegion = en;
			hasScannedForEncodings = 0;
			knownRegions = (
				en,
				Base,
			);
			mainGroup = 18DBFB3F23F2A938005071AB;
			productRefGroup = 18DBFB4923F2A938005071AB /* Products */;
			projectDirPath = "";
			projectRoot = "";
			targets = (
				18DBFB4723F2A938005071AB /* taskapp */,
			);
		};
/* End PBXProject section */

/* Begin PBXResourcesBuildPhase section */
		18DBFB4623F2A938005071AB /* Resources */ = {
			isa = PBXResourcesBuildPhase;
			buildActionMask = 2147483647;
			files = (
				1856B21723F516270062CECC /* iconsPlus50.png in Resources */,
				18DBFB5823F2A93F005071AB /* LaunchScreen.storyboard in Resources */,
				18DBFB5523F2A93F005071AB /* Assets.xcassets in Resources */,
				18DBFB5323F2A938005071AB /* Main.storyboard in Resources */,
				1856B21623F516270062CECC /* iconsSearch50.png in Resources */,
			);
			runOnlyForDeploymentPostprocessing = 0;
		};
/* End PBXResourcesBuildPhase section */

/* Begin PBXShellScriptBuildPhase section */
		2E1D1693199DAB6CF0D00E62 /* [CP] Embed Pods Frameworks */ = {
			isa = PBXShellScriptBuildPhase;
			buildActionMask = 2147483647;
			files = (
			);
			inputFileListPaths = (
				"${PODS_ROOT}/Target Support Files/Pods-taskapp/Pods-taskapp-frameworks-${CONFIGURATION}-input-files.xcfilelist",
			);
			name = "[CP] Embed Pods Frameworks";
			outputFileListPaths = (
				"${PODS_ROOT}/Target Support Files/Pods-taskapp/Pods-taskapp-frameworks-${CONFIGURATION}-output-files.xcfilelist",
			);
			runOnlyForDeploymentPostprocessing = 0;
			shellPath = /bin/sh;
			shellScript = "\"${PODS_ROOT}/Target Support Files/Pods-taskapp/Pods-taskapp-frameworks.sh\"\n";
			showEnvVarsInLog = 0;
		};
		3EEE8500291196890FEE3581 /* [CP] Check Pods Manifest.lock */ = {
			isa = PBXShellScriptBuildPhase;
			buildActionMask = 2147483647;
			files = (
			);
			inputFileListPaths = (
			);
			inputPaths = (
				"${PODS_PODFILE_DIR_PATH}/Podfile.lock",
				"${PODS_ROOT}/Manifest.lock",
			);
			name = "[CP] Check Pods Manifest.lock";
			outputFileListPaths = (
			);
			outputPaths = (
				"$(DERIVED_FILE_DIR)/Pods-taskapp-checkManifestLockResult.txt",
			);
			runOnlyForDeploymentPostprocessing = 0;
			shellPath = /bin/sh;
			shellScript = "diff \"${PODS_PODFILE_DIR_PATH}/Podfile.lock\" \"${PODS_ROOT}/Manifest.lock\" > /dev/null\nif [ $? != 0 ] ; then\n    # print error to STDERR\n    echo \"error: The sandbox is not in sync with the Podfile.lock. Run 'pod install' or update your CocoaPods installation.\" >&2\n    exit 1\nfi\n# This output is used by Xcode 'outputs' to avoid re-running this script phase.\necho \"SUCCESS\" > \"${SCRIPT_OUTPUT_FILE_0}\"\n";
			showEnvVarsInLog = 0;
		};
/* End PBXShellScriptBuildPhase section */

/* Begin PBXSourcesBuildPhase section */
		18DBFB4423F2A938005071AB /* Sources */ = {
			isa = PBXSourcesBuildPhase;
			buildActionMask = 2147483647;
			files = (
				18DBFB5023F2A938005071AB /* ViewController.swift in Sources */,
				18DBFB4C23F2A938005071AB /* AppDelegate.swift in Sources */,
				1848CA6A23F3A934001F6645 /* Task.swift in Sources */,
				18DBFB4E23F2A938005071AB /* SceneDelegate.swift in Sources */,
				1848CA6823F39C0D001F6645 /* InputViewController.swift in Sources */,
			);
			runOnlyForDeploymentPostprocessing = 0;
		};
/* End PBXSourcesBuildPhase section */

/* Begin PBXVariantGroup section */
		18DBFB5123F2A938005071AB /* Main.storyboard */ = {
			isa = PBXVariantGroup;
			children = (
				18DBFB5223F2A938005071AB /* Base */,
			);
			name = Main.storyboard;
			sourceTree = "<group>";
		};
		18DBFB5623F2A93F005071AB /* LaunchScreen.storyboard */ = {
			isa = PBXVariantGroup;
			children = (
				18DBFB5723F2A93F005071AB /* Base */,
			);
			name = LaunchScreen.storyboard;
			sourceTree = "<group>";
		};
/* End PBXVariantGroup section */

/* Begin XCBuildConfiguration section */
		18DBFB5A23F2A93F005071AB /* Debug */ = {
			isa = XCBuildConfiguration;
			buildSettings = {
				ALWAYS_SEARCH_USER_PATHS = NO;
				CLANG_ANALYZER_NONNULL = YES;
				CLANG_ANALYZER_NUMBER_OBJECT_CONVERSION = YES_AGGRESSIVE;
				CLANG_CXX_LANGUAGE_STANDARD = "gnu++14";
				CLANG_CXX_LIBRARY = "libc++";
				CLANG_ENABLE_MODULES = YES;
				CLANG_ENABLE_OBJC_ARC = YES;
				CLANG_ENABLE_OBJC_WEAK = YES;
				CLANG_WARN_BLOCK_CAPTURE_AUTORELEASING = YES;
				CLANG_WARN_BOOL_CONVERSION = YES;
				CLANG_WARN_COMMA = YES;
				CLANG_WARN_CONSTANT_CONVERSION = YES;
				CLANG_WARN_DEPRECATED_OBJC_IMPLEMENTATIONS = YES;
				CLANG_WARN_DIRECT_OBJC_ISA_USAGE = YES_ERROR;
				CLANG_WARN_DOCUMENTATION_COMMENTS = YES;
				CLANG_WARN_EMPTY_BODY = YES;
				CLANG_WARN_ENUM_CONVERSION = YES;
				CLANG_WARN_INFINITE_RECURSION = YES;
				CLANG_WARN_INT_CONVERSION = YES;
				CLANG_WARN_NON_LITERAL_NULL_CONVERSION = YES;
				CLANG_WARN_OBJC_IMPLICIT_RETAIN_SELF = YES;
				CLANG_WARN_OBJC_LITERAL_CONVERSION = YES;
				CLANG_WARN_OBJC_ROOT_CLASS = YES_ERROR;
				CLANG_WARN_RANGE_LOOP_ANALYSIS = YES;
				CLANG_WARN_STRICT_PROTOTYPES = YES;
				CLANG_WARN_SUSPICIOUS_MOVE = YES;
				CLANG_WARN_UNGUARDED_AVAILABILITY = YES_AGGRESSIVE;
				CLANG_WARN_UNREACHABLE_CODE = YES;
				CLANG_WARN__DUPLICATE_METHOD_MATCH = YES;
				COPY_PHASE_STRIP = NO;
				DEBUG_INFORMATION_FORMAT = dwarf;
				ENABLE_STRICT_OBJC_MSGSEND = YES;
				ENABLE_TESTABILITY = YES;
				GCC_C_LANGUAGE_STANDARD = gnu11;
				GCC_DYNAMIC_NO_PIC = NO;
				GCC_NO_COMMON_BLOCKS = YES;
				GCC_OPTIMIZATION_LEVEL = 0;
				GCC_PREPROCESSOR_DEFINITIONS = (
					"DEBUG=1",
					"$(inherited)",
				);
				GCC_WARN_64_TO_32_BIT_CONVERSION = YES;
				GCC_WARN_ABOUT_RETURN_TYPE = YES_ERROR;
				GCC_WARN_UNDECLARED_SELECTOR = YES;
				GCC_WARN_UNINITIALIZED_AUTOS = YES_AGGRESSIVE;
				GCC_WARN_UNUSED_FUNCTION = YES;
				GCC_WARN_UNUSED_VARIABLE = YES;
				IPHONEOS_DEPLOYMENT_TARGET = 13.1;
				MTL_ENABLE_DEBUG_INFO = INCLUDE_SOURCE;
				MTL_FAST_MATH = YES;
				ONLY_ACTIVE_ARCH = YES;
				SDKROOT = iphoneos;
				SWIFT_ACTIVE_COMPILATION_CONDITIONS = DEBUG;
				SWIFT_OPTIMIZATION_LEVEL = "-Onone";
			};
			name = Debug;
		};
		18DBFB5B23F2A93F005071AB /* Release */ = {
			isa = XCBuildConfiguration;
			buildSettings = {
				ALWAYS_SEARCH_USER_PATHS = NO;
				CLANG_ANALYZER_NONNULL = YES;
				CLANG_ANALYZER_NUMBER_OBJECT_CONVERSION = YES_AGGRESSIVE;
				CLANG_CXX_LANGUAGE_STANDARD = "gnu++14";
				CLANG_CXX_LIBRARY = "libc++";
				CLANG_ENABLE_MODULES = YES;
				CLANG_ENABLE_OBJC_ARC = YES;
				CLANG_ENABLE_OBJC_WEAK = YES;
				CLANG_WARN_BLOCK_CAPTURE_AUTORELEASING = YES;
				CLANG_WARN_BOOL_CONVERSION = YES;
				CLANG_WARN_COMMA = YES;
				CLANG_WARN_CONSTANT_CONVERSION = YES;
				CLANG_WARN_DEPRECATED_OBJC_IMPLEMENTATIONS = YES;
				CLANG_WARN_DIRECT_OBJC_ISA_USAGE = YES_ERROR;
				CLANG_WARN_DOCUMENTATION_COMMENTS = YES;
				CLANG_WARN_EMPTY_BODY = YES;
				CLANG_WARN_ENUM_CONVERSION = YES;
				CLANG_WARN_INFINITE_RECURSION = YES;
				CLANG_WARN_INT_CONVERSION = YES;
				CLANG_WARN_NON_LITERAL_NULL_CONVERSION = YES;
				CLANG_WARN_OBJC_IMPLICIT_RETAIN_SELF = YES;
				CLANG_WARN_OBJC_LITERAL_CONVERSION = YES;
				CLANG_WARN_OBJC_ROOT_CLASS = YES_ERROR;
				CLANG_WARN_RANGE_LOOP_ANALYSIS = YES;
				CLANG_WARN_STRICT_PROTOTYPES = YES;
				CLANG_WARN_SUSPICIOUS_MOVE = YES;
				CLANG_WARN_UNGUARDED_AVAILABILITY = YES_AGGRESSIVE;
				CLANG_WARN_UNREACHABLE_CODE = YES;
				CLANG_WARN__DUPLICATE_METHOD_MATCH = YES;
				COPY_PHASE_STRIP = NO;
				DEBUG_INFORMATION_FORMAT = "dwarf-with-dsym";
				ENABLE_NS_ASSERTIONS = NO;
				ENABLE_STRICT_OBJC_MSGSEND = YES;
				GCC_C_LANGUAGE_STANDARD = gnu11;
				GCC_NO_COMMON_BLOCKS = YES;
				GCC_WARN_64_TO_32_BIT_CONVERSION = YES;
				GCC_WARN_ABOUT_RETURN_TYPE = YES_ERROR;
				GCC_WARN_UNDECLARED_SELECTOR = YES;
				GCC_WARN_UNINITIALIZED_AUTOS = YES_AGGRESSIVE;
				GCC_WARN_UNUSED_FUNCTION = YES;
				GCC_WARN_UNUSED_VARIABLE = YES;
				IPHONEOS_DEPLOYMENT_TARGET = 13.1;
				MTL_ENABLE_DEBUG_INFO = NO;
				MTL_FAST_MATH = YES;
				SDKROOT = iphoneos;
				SWIFT_COMPILATION_MODE = wholemodule;
				SWIFT_OPTIMIZATION_LEVEL = "-O";
				VALIDATE_PRODUCT = YES;
			};
			name = Release;
		};
		18DBFB5D23F2A93F005071AB /* Debug */ = {
			isa = XCBuildConfiguration;
			baseConfigurationReference = E3B7060926BF9213618ECCD0 /* Pods-taskapp.debug.xcconfig */;
			buildSettings = {
				ASSETCATALOG_COMPILER_APPICON_NAME = AppIcon;
				CODE_SIGN_STYLE = Automatic;
				INFOPLIST_FILE = taskapp/Info.plist;
				LD_RUNPATH_SEARCH_PATHS = (
					"$(inherited)",
					"@executable_path/Frameworks",
				);
				PRODUCT_BUNDLE_IDENTIFIER = jp.techacademy.yo.sato.taskapp;
				PRODUCT_NAME = "$(TARGET_NAME)";
				SWIFT_VERSION = 5.0;
				TARGETED_DEVICE_FAMILY = 1;
			};
			name = Debug;
		};
		18DBFB5E23F2A93F005071AB /* Release */ = {
			isa = XCBuildConfiguration;
			baseConfigurationReference = 90904F376CE0FD8D2F3F65BD /* Pods-taskapp.release.xcconfig */;
			buildSettings = {
				ASSETCATALOG_COMPILER_APPICON_NAME = AppIcon;
				CODE_SIGN_STYLE = Automatic;
				INFOPLIST_FILE = taskapp/Info.plist;
				LD_RUNPATH_SEARCH_PATHS = (
					"$(inherited)",
					"@executable_path/Frameworks",
				);
				PRODUCT_BUNDLE_IDENTIFIER = jp.techacademy.yo.sato.taskapp;
				PRODUCT_NAME = "$(TARGET_NAME)";
				SWIFT_VERSION = 5.0;
				TARGETED_DEVICE_FAMILY = 1;
			};
			name = Release;
		};
/* End XCBuildConfiguration section */

/* Begin XCConfigurationList section */
		18DBFB4323F2A938005071AB /* Build configuration list for PBXProject "taskapp" */ = {
			isa = XCConfigurationList;
			buildConfigurations = (
				18DBFB5A23F2A93F005071AB /* Debug */,
				18DBFB5B23F2A93F005071AB /* Release */,
			);
			defaultConfigurationIsVisible = 0;
			defaultConfigurationName = Release;
		};
		18DBFB5C23F2A93F005071AB /* Build configuration list for PBXNativeTarget "taskapp" */ = {
			isa = XCConfigurationList;
			buildConfigurations = (
				18DBFB5D23F2A93F005071AB /* Debug */,
				18DBFB5E23F2A93F005071AB /* Release */,
			);
			defaultConfigurationIsVisible = 0;
			defaultConfigurationName = Release;
		};
/* End XCConfigurationList section */
	};
	rootObject = 18DBFB4023F2A938005071AB /* Project object */;
}
